
Microsoft Visual Studio Solution File, Format Version 12.00
Project("{FAE04EC0-301F-11D3-BF4B-00C04F79EFBC}") = "FalseTestingCoverage", "FalseTestingCoverage\FalseTestingCoverage.csproj", "{2DB43FB2-E37D-498A-9B77-BE8AE12B63B4}"
EndProject
Project("{FAE04EC0-301F-11D3-BF4B-00C04F79EFBC}") = "FalseTestingCoverage.Tests", "FalseTestingCoverage.Tests\FalseTestingCoverage.Tests.csproj", "{E900B41B-308A-4B09-AA2E-7AD05A8E4CE5}"
EndProject
Global
	GlobalSection(SolutionConfigurationPlatforms) = preSolution
		Debug|Any CPU = Debug|Any CPU
		Release|Any CPU = Release|Any CPU
	EndGlobalSection
	GlobalSection(ProjectConfigurationPlatforms) = postSolution
		{2DB43FB2-E37D-498A-9B77-BE8AE12B63B4}.Debug|Any CPU.ActiveCfg = Debug|Any CPU
		{2DB43FB2-E37D-498A-9B77-BE8AE12B63B4}.Debug|Any CPU.Build.0 = Debug|Any CPU
		{2DB43FB2-E37D-498A-9B77-BE8AE12B63B4}.Release|Any CPU.ActiveCfg = Release|Any CPU
		{2DB43FB2-E37D-498A-9B77-BE8AE12B63B4}.Release|Any CPU.Build.0 = Release|Any CPU
		{E900B41B-308A-4B09-AA2E-7AD05A8E4CE5}.Debug|Any CPU.ActiveCfg = Debug|Any CPU
		{E900B41B-308A-4B09-AA2E-7AD05A8E4CE5}.Debug|Any CPU.Build.0 = Debug|Any CPU
		{E900B41B-308A-4B09-AA2E-7AD05A8E4CE5}.Release|Any CPU.ActiveCfg = Release|Any CPU
		{E900B41B-308A-4B09-AA2E-7AD05A8E4CE5}.Release|Any CPU.Build.0 = Release|Any CPU
	EndGlobalSection
EndGlobal
